
Microsoft Visual Studio Solution File, Format Version 12.00
# Visual Studio 15
VisualStudioVersion = 15.0.28307.489
MinimumVisualStudioVersion = 10.0.40219.1
Project("{FAE04EC0-301F-11D3-BF4B-00C04F79EFBC}") = "GCLab_2", "GCLab_2\GCLab_2.csproj", "{91892878-4D61-43FD-BF24-8EBBA315A6B7}"
EndProject
Global
	GlobalSection(SolutionConfigurationPlatforms) = preSolution
		Debug|Any CPU = Debug|Any CPU
		Release|Any CPU = Release|Any CPU
	EndGlobalSection
	GlobalSection(ProjectConfigurationPlatforms) = postSolution
		{91892878-4D61-43FD-BF24-8EBBA315A6B7}.Debug|Any CPU.ActiveCfg = Debug|Any CPU
		{91892878-4D61-43FD-BF24-8EBBA315A6B7}.Debug|Any CPU.Build.0 = Debug|Any CPU
		{91892878-4D61-43FD-BF24-8EBBA315A6B7}.Release|Any CPU.ActiveCfg = Release|Any CPU
		{91892878-4D61-43FD-BF24-8EBBA315A6B7}.Release|Any CPU.Build.0 = Release|Any CPU
	EndGlobalSection
	GlobalSection(SolutionProperties) = preSolution
		HideSolutionNode = FALSE
	EndGlobalSection
	GlobalSection(ExtensibilityGlobals) = postSolution
		SolutionGuid = {52B61164-0AAD-424C-9C62-44280E7D7A09}
	EndGlobalSection
EndGlobal
